{
  "requires": true,
  "lockfileVersion": 1,
  "dependencies": {
    "@types/google-apps-script": {
      "version": "1.0.30",
      "resolved": "https://registry.npmjs.org/@types/google-apps-script/-/google-apps-script-1.0.30.tgz",
      "integrity": "sha512-AgGzILT26gz57R1CFEXTzGTZ202vaq5namJS9ZA8Hft4thh04Tt1QMEe2yMpF7J+b/5Ugvgi8X2+gdK6VwjEMg=="
    }
  }
}
